// !$*UTF8*$!
{
	archiveVersion = 1;
	classes = {
	};
	objectVersion = 77;
	objects = {

/* Begin PBXBuildFile section */
		17BE5DBED21E895054D3A4D0 /* Pods_ScreenShieldDemo.framework in Frameworks */ = {isa = PBXBuildFile; fileRef = 07D0036A80D5571D44979EB6 /* Pods_ScreenShieldDemo.framework */; };
		413FF81B0F2AEFD48C50CFBD /* Pods_ScreenShieldDemo_ScreenShieldDemoUITests.framework in Frameworks */ = {isa = PBXBuildFile; fileRef = 6DB5F7F951624358B3A89C9C /* Pods_ScreenShieldDemo_ScreenShieldDemoUITests.framework */; };
		99EC1733CF48803727F5FB7C /* Pods_ScreenShieldDemoTests.framework in Frameworks */ = {isa = PBXBuildFile; fileRef = 9D749D6DA6763A9106CBAFCD /* Pods_ScreenShieldDemoTests.framework */; };
/* End PBXBuildFile section */

/* Begin PBXContainerItemProxy section */
		154149182E17D96400FDD89A /* PBXContainerItemProxy */ = {
			isa = PBXContainerItemProxy;
			containerPortal = 154148F92E17D96100FDD89A /* Project object */;
			proxyType = 1;
			remoteGlobalIDString = 154149002E17D96100FDD89A;
			remoteInfo = ScreenShieldDemo;
		};
		154149222E17D96400FDD89A /* PBXContainerItemProxy */ = {
			isa = PBXContainerItemProxy;
			containerPortal = 154148F92E17D96100FDD89A /* Project object */;
			proxyType = 1;
			remoteGlobalIDString = 154149002E17D96100FDD89A;
			remoteInfo = ScreenShieldDemo;
		};
/* End PBXContainerItemProxy section */

/* Begin PBXFileReference section */
		07D0036A80D5571D44979EB6 /* Pods_ScreenShieldDemo.framework */ = {isa = PBXFileReference; explicitFileType = wrapper.framework; includeInIndex = 0; path = Pods_ScreenShieldDemo.framework; sourceTree = BUILT_PRODUCTS_DIR; };
		154149012E17D96100FDD89A /* ScreenShieldDemo.app */ = {isa = PBXFileReference; explicitFileType = wrapper.application; includeInIndex = 0; path = ScreenShieldDemo.app; sourceTree = BUILT_PRODUCTS_DIR; };
		154149172E17D96400FDD89A /* ScreenShieldDemoTests.xctest */ = {isa = PBXFileReference; explicitFileType = wrapper.cfbundle; includeInIndex = 0; path = ScreenShieldDemoTests.xctest; sourceTree = BUILT_PRODUCTS_DIR; };
		154149212E17D96400FDD89A /* ScreenShieldDemoUITests.xctest */ = {isa = PBXFileReference; explicitFileType = wrapper.cfbundle; includeInIndex = 0; path = ScreenShieldDemoUITests.xctest; sourceTree = BUILT_PRODUCTS_DIR; };
		23537E3475C91B458C4A53A6 /* Pods-ScreenShieldDemo-ScreenShieldDemoUITests.release.xcconfig */ = {isa = PBXFileReference; includeInIndex = 1; lastKnownFileType = text.xcconfig; name = "Pods-ScreenShieldDemo-ScreenShieldDemoUITests.release.xcconfig"; path = "Target Support Files/Pods-ScreenShieldDemo-ScreenShieldDemoUITests/Pods-ScreenShieldDemo-ScreenShieldDemoUITests.release.xcconfig"; sourceTree = "<group>"; };
		66385B6A669B4B61C20751E0 /* Pods-ScreenShieldDemo.debug.xcconfig */ = {isa = PBXFileReference; includeInIndex = 1; lastKnownFileType = text.xcconfig; name = "Pods-ScreenShieldDemo.debug.xcconfig"; path = "Target Support Files/Pods-ScreenShieldDemo/Pods-ScreenShieldDemo.debug.xcconfig"; sourceTree = "<group>"; };
		6DB5F7F951624358B3A89C9C /* Pods_ScreenShieldDemo_ScreenShieldDemoUITests.framework */ = {isa = PBXFileReference; explicitFileType = wrapper.framework; includeInIndex = 0; path = Pods_ScreenShieldDemo_ScreenShieldDemoUITests.framework; sourceTree = BUILT_PRODUCTS_DIR; };
		8EE144CFE60FDC0E0ABBC27A /* Pods-ScreenShieldDemoTests.debug.xcconfig */ = {isa = PBXFileReference; includeInIndex = 1; lastKnownFileType = text.xcconfig; name = "Pods-ScreenShieldDemoTests.debug.xcconfig"; path = "Target Support Files/Pods-ScreenShieldDemoTests/Pods-ScreenShieldDemoTests.debug.xcconfig"; sourceTree = "<group>"; };
		9D749D6DA6763A9106CBAFCD /* Pods_ScreenShieldDemoTests.framework */ = {isa = PBXFileReference; explicitFileType = wrapper.framework; includeInIndex = 0; path = Pods_ScreenShieldDemoTests.framework; sourceTree = BUILT_PRODUCTS_DIR; };
		C01E192DA1BD8EEDEA5D383B /* Pods-ScreenShieldDemo.release.xcconfig */ = {isa = PBXFileReference; includeInIndex = 1; lastKnownFileType = text.xcconfig; name = "Pods-ScreenShieldDemo.release.xcconfig"; path = "Target Support Files/Pods-ScreenShieldDemo/Pods-ScreenShieldDemo.release.xcconfig"; sourceTree = "<group>"; };
		D052261FD20F30CC3B7D76AD /* Pods-ScreenShieldDemoTests.release.xcconfig */ = {isa = PBXFileReference; includeInIndex = 1; lastKnownFileType = text.xcconfig; name = "Pods-ScreenShieldDemoTests.release.xcconfig"; path = "Target Support Files/Pods-ScreenShieldDemoTests/Pods-ScreenShieldDemoTests.release.xcconfig"; sourceTree = "<group>"; };
		F222CE91AF30EDB653000A7F /* Pods-ScreenShieldDemo-ScreenShieldDemoUITests.debug.xcconfig */ = {isa = PBXFileReference; includeInIndex = 1; lastKnownFileType = text.xcconfig; name = "Pods-ScreenShieldDemo-ScreenShieldDemoUITests.debug.xcconfig"; path = "Target Support Files/Pods-ScreenShieldDemo-ScreenShieldDemoUITests/Pods-ScreenShieldDemo-ScreenShieldDemoUITests.debug.xcconfig"; sourceTree = "<group>"; };
/* End PBXFileReference section */

/* Begin PBXFileSystemSynchronizedBuildFileExceptionSet section */
		154149292E17D96400FDD89A /* Exceptions for "ScreenShieldDemo" folder in "ScreenShieldDemo" target */ = {
			isa = PBXFileSystemSynchronizedBuildFileExceptionSet;
			membershipExceptions = (
				Info.plist,
			);
			target = 154149002E17D96100FDD89A /* ScreenShieldDemo */;
		};
/* End PBXFileSystemSynchronizedBuildFileExceptionSet section */

/* Begin PBXFileSystemSynchronizedRootGroup section */
		154149032E17D96100FDD89A /* ScreenShieldDemo */ = {
			isa = PBXFileSystemSynchronizedRootGroup;
			exceptions = (
				154149292E17D96400FDD89A /* Exceptions for "ScreenShieldDemo" folder in "ScreenShieldDemo" target */,
			);
			path = ScreenShieldDemo;
			sourceTree = "<group>";
		};
		1541491A2E17D96400FDD89A /* ScreenShieldDemoTests */ = {
			isa = PBXFileSystemSynchronizedRootGroup;
			path = ScreenShieldDemoTests;
			sourceTree = "<group>";
		};
		154149242E17D96400FDD89A /* ScreenShieldDemoUITests */ = {
			isa = PBXFileSystemSynchronizedRootGroup;
			path = ScreenShieldDemoUITests;
			sourceTree = "<group>";
		};
/* End PBXFileSystemSynchronizedRootGroup section */

/* Begin PBXFrameworksBuildPhase section */
		154148FE2E17D96100FDD89A /* Frameworks */ = {
			isa = PBXFrameworksBuildPhase;
			buildActionMask = 2147483647;
			files = (
				17BE5DBED21E895054D3A4D0 /* Pods_ScreenShieldDemo.framework in Frameworks */,
			);
			runOnlyForDeploymentPostprocessing = 0;
		};
		154149142E17D96400FDD89A /* Frameworks */ = {
			isa = PBXFrameworksBuildPhase;
			buildActionMask = 2147483647;
			files = (
				99EC1733CF48803727F5FB7C /* Pods_ScreenShieldDemoTests.framework in Frameworks */,
			);
			runOnlyForDeploymentPostprocessing = 0;
		};
		1541491E2E17D96400FDD89A /* Frameworks */ = {
			isa = PBXFrameworksBuildPhase;
			buildActionMask = 2147483647;
			files = (
				413FF81B0F2AEFD48C50CFBD /* Pods_ScreenShieldDemo_ScreenShieldDemoUITests.framework in Frameworks */,
			);
			runOnlyForDeploymentPostprocessing = 0;
		};
/* End PBXFrameworksBuildPhase section */

/* Begin PBXGroup section */
		154148F82E17D96100FDD89A = {
			isa = PBXGroup;
			children = (
				154149032E17D96100FDD89A /* ScreenShieldDemo */,
				1541491A2E17D96400FDD89A /* ScreenShieldDemoTests */,
				154149242E17D96400FDD89A /* ScreenShieldDemoUITests */,
				154149022E17D96100FDD89A /* Products */,
				D7B58B4E9AF32F00BEF5AE0C /* Pods */,
				7F606395C6ABAEF4862CCE59 /* Frameworks */,
			);
			sourceTree = "<group>";
		};
		154149022E17D96100FDD89A /* Products */ = {
			isa = PBXGroup;
			children = (
				154149012E17D96100FDD89A /* ScreenShieldDemo.app */,
				154149172E17D96400FDD89A /* ScreenShieldDemoTests.xctest */,
				154149212E17D96400FDD89A /* ScreenShieldDemoUITests.xctest */,
			);
			name = Products;
			sourceTree = "<group>";
		};
		7F606395C6ABAEF4862CCE59 /* Frameworks */ = {
			isa = PBXGroup;
			children = (
				07D0036A80D5571D44979EB6 /* Pods_ScreenShieldDemo.framework */,
				6DB5F7F951624358B3A89C9C /* Pods_ScreenShieldDemo_ScreenShieldDemoUITests.framework */,
				9D749D6DA6763A9106CBAFCD /* Pods_ScreenShieldDemoTests.framework */,
			);
			name = Frameworks;
			sourceTree = "<group>";
		};
		D7B58B4E9AF32F00BEF5AE0C /* Pods */ = {
			isa = PBXGroup;
			children = (
				66385B6A669B4B61C20751E0 /* Pods-ScreenShieldDemo.debug.xcconfig */,
				C01E192DA1BD8EEDEA5D383B /* Pods-ScreenShieldDemo.release.xcconfig */,
				F222CE91AF30EDB653000A7F /* Pods-ScreenShieldDemo-ScreenShieldDemoUITests.debug.xcconfig */,
				23537E3475C91B458C4A53A6 /* Pods-ScreenShieldDemo-ScreenShieldDemoUITests.release.xcconfig */,
				8EE144CFE60FDC0E0ABBC27A /* Pods-ScreenShieldDemoTests.debug.xcconfig */,
				D052261FD20F30CC3B7D76AD /* Pods-ScreenShieldDemoTests.release.xcconfig */,
			);
			path = Pods;
			sourceTree = "<group>";
		};
/* End PBXGroup section */

/* Begin PBXNativeTarget section */
		154149002E17D96100FDD89A /* ScreenShieldDemo */ = {
			isa = PBXNativeTarget;
			buildConfigurationList = 1541492A2E17D96400FDD89A /* Build configuration list for PBXNativeTarget "ScreenShieldDemo" */;
			buildPhases = (
				DFD9308B3EAED0EAE3C75D9C /* [CP] Check Pods Manifest.lock */,
				154148FD2E17D96100FDD89A /* Sources */,
				154148FE2E17D96100FDD89A /* Frameworks */,
				154148FF2E17D96100FDD89A /* Resources */,
				77DC4A4D1FC3C2C3E8134664 /* [CP] Embed Pods Frameworks */,
			);
			buildRules = (
			);
			dependencies = (
			);
			fileSystemSynchronizedGroups = (
				154149032E17D96100FDD89A /* ScreenShieldDemo */,
			);
			name = ScreenShieldDemo;
			productName = ScreenShieldDemo;
			productReference = 154149012E17D96100FDD89A /* ScreenShieldDemo.app */;
			productType = "com.apple.product-type.application";
		};
		154149162E17D96400FDD89A /* ScreenShieldDemoTests */ = {
			isa = PBXNativeTarget;
			buildConfigurationList = 1541492F2E17D96400FDD89A /* Build configuration list for PBXNativeTarget "ScreenShieldDemoTests" */;
			buildPhases = (
				D33E284785F61563CAB58081 /* [CP] Check Pods Manifest.lock */,
				154149132E17D96400FDD89A /* Sources */,
				154149142E17D96400FDD89A /* Frameworks */,
				154149152E17D96400FDD89A /* Resources */,
			);
			buildRules = (
			);
			dependencies = (
				154149192E17D96400FDD89A /* PBXTargetDependency */,
			);
			fileSystemSynchronizedGroups = (
				1541491A2E17D96400FDD89A /* ScreenShieldDemoTests */,
			);
			name = ScreenShieldDemoTests;
			productName = ScreenShieldDemoTests;
			productReference = 154149172E17D96400FDD89A /* ScreenShieldDemoTests.xctest */;
			productType = "com.apple.product-type.bundle.unit-test";
		};
		154149202E17D96400FDD89A /* ScreenShieldDemoUITests */ = {
			isa = PBXNativeTarget;
			buildConfigurationList = 154149322E17D96400FDD89A /* Build configuration list for PBXNativeTarget "ScreenShieldDemoUITests" */;
			buildPhases = (
				72A64190E005B19212D1F772 /* [CP] Check Pods Manifest.lock */,
				1541491D2E17D96400FDD89A /* Sources */,
				1541491E2E17D96400FDD89A /* Frameworks */,
				1541491F2E17D96400FDD89A /* Resources */,
				024904B9148F20B4C0EC0D4B /* [CP] Embed Pods Frameworks */,
			);
			buildRules = (
			);
			dependencies = (
				154149232E17D96400FDD89A /* PBXTargetDependency */,
			);
			fileSystemSynchronizedGroups = (
				154149242E17D96400FDD89A /* ScreenShieldDemoUITests */,
			);
			name = ScreenShieldDemoUITests;
			productName = ScreenShieldDemoUITests;
			productReference = 154149212E17D96400FDD89A /* ScreenShieldDemoUITests.xctest */;
			productType = "com.apple.product-type.bundle.ui-testing";
		};
/* End PBXNativeTarget section */

/* Begin PBXProject section */
		154148F92E17D96100FDD89A /* Project object */ = {
			isa = PBXProject;
			attributes = {
				BuildIndependentTargetsInParallel = 1;
				LastSwiftUpdateCheck = 1620;
				LastUpgradeCheck = 1620;
				TargetAttributes = {
					154149002E17D96100FDD89A = {
						CreatedOnToolsVersion = 16.2;
					};
					154149162E17D96400FDD89A = {
						CreatedOnToolsVersion = 16.2;
						TestTargetID = 154149002E17D96100FDD89A;
					};
					154149202E17D96400FDD89A = {
						CreatedOnToolsVersion = 16.2;
						TestTargetID = 154149002E17D96100FDD89A;
					};
				};
			};
			buildConfigurationList = 154148FC2E17D96100FDD89A /* Build configuration list for PBXProject "ScreenShieldDemo" */;
			developmentRegion = en;
			hasScannedForEncodings = 0;
			knownRegions = (
				en,
				Base,
			);
			mainGroup = 154148F82E17D96100FDD89A;
			minimizedProjectReferenceProxies = 1;
			preferredProjectObjectVersion = 77;
			productRefGroup = 154149022E17D96100FDD89A /* Products */;
			projectDirPath = "";
			projectRoot = "";
			targets = (
				154149002E17D96100FDD89A /* ScreenShieldDemo */,
				154149162E17D96400FDD89A /* ScreenShieldDemoTests */,
				154149202E17D96400FDD89A /* ScreenShieldDemoUITests */,
			);
		};
/* End PBXProject section */

/* Begin PBXResourcesBuildPhase section */
		154148FF2E17D96100FDD89A /* Resources */ = {
			isa = PBXResourcesBuildPhase;
			buildActionMask = 2147483647;
			files = (
			);
			runOnlyForDeploymentPostprocessing = 0;
		};
		154149152E17D96400FDD89A /* Resources */ = {
			isa = PBXResourcesBuildPhase;
			buildActionMask = 2147483647;
			files = (
			);
			runOnlyForDeploymentPostprocessing = 0;
		};
		1541491F2E17D96400FDD89A /* Resources */ = {
			isa = PBXResourcesBuildPhase;
			buildActionMask = 2147483647;
			files = (
			);
			runOnlyForDeploymentPostprocessing = 0;
		};
/* End PBXResourcesBuildPhase section */

/* Begin PBXShellScriptBuildPhase section */
		024904B9148F20B4C0EC0D4B /* [CP] Embed Pods Frameworks */ = {
			isa = PBXShellScriptBuildPhase;
			buildActionMask = 2147483647;
			files = (
			);
			inputFileListPaths = (
				"${PODS_ROOT}/Target Support Files/Pods-ScreenShieldDemo-ScreenShieldDemoUITests/Pods-ScreenShieldDemo-ScreenShieldDemoUITests-frameworks-${CONFIGURATION}-input-files.xcfilelist",
			);
			inputPaths = (
			);
			name = "[CP] Embed Pods Frameworks";
			outputFileListPaths = (
				"${PODS_ROOT}/Target Support Files/Pods-ScreenShieldDemo-ScreenShieldDemoUITests/Pods-ScreenShieldDemo-ScreenShieldDemoUITests-frameworks-${CONFIGURATION}-output-files.xcfilelist",
			);
			outputPaths = (
			);
			runOnlyForDeploymentPostprocessing = 0;
			shellPath = /bin/sh;
			shellScript = "\"${PODS_ROOT}/Target Support Files/Pods-ScreenShieldDemo-ScreenShieldDemoUITests/Pods-ScreenShieldDemo-ScreenShieldDemoUITests-frameworks.sh\"\n";
			showEnvVarsInLog = 0;
		};
		72A64190E005B19212D1F772 /* [CP] Check Pods Manifest.lock */ = {
			isa = PBXShellScriptBuildPhase;
			buildActionMask = 2147483647;
			files = (
			);
			inputFileListPaths = (
			);
			inputPaths = (
				"${PODS_PODFILE_DIR_PATH}/Podfile.lock",
				"${PODS_ROOT}/Manifest.lock",
			);
			name = "[CP] Check Pods Manifest.lock";
			outputFileListPaths = (
			);
			outputPaths = (
				"$(DERIVED_FILE_DIR)/Pods-ScreenShieldDemo-ScreenShieldDemoUITests-checkManifestLockResult.txt",
			);
			runOnlyForDeploymentPostprocessing = 0;
			shellPath = /bin/sh;
			shellScript = "diff \"${PODS_PODFILE_DIR_PATH}/Podfile.lock\" \"${PODS_ROOT}/Manifest.lock\" > /dev/null\nif [ $? != 0 ] ; then\n    # print error to STDERR\n    echo \"error: The sandbox is not in sync with the Podfile.lock. Run 'pod install' or update your CocoaPods installation.\" >&2\n    exit 1\nfi\n# This output is used by Xcode 'outputs' to avoid re-running this script phase.\necho \"SUCCESS\" > \"${SCRIPT_OUTPUT_FILE_0}\"\n";
			showEnvVarsInLog = 0;
		};
		77DC4A4D1FC3C2C3E8134664 /* [CP] Embed Pods Frameworks */ = {
			isa = PBXShellScriptBuildPhase;
			buildActionMask = 2147483647;
			files = (
			);
			inputFileListPaths = (
				"${PODS_ROOT}/Target Support Files/Pods-ScreenShieldDemo/Pods-ScreenShieldDemo-frameworks-${CONFIGURATION}-input-files.xcfilelist",
			);
			inputPaths = (
			);
			name = "[CP] Embed Pods Frameworks";
			outputFileListPaths = (
				"${PODS_ROOT}/Target Support Files/Pods-ScreenShieldDemo/Pods-ScreenShieldDemo-frameworks-${CONFIGURATION}-output-files.xcfilelist",
			);
			outputPaths = (
			);
			runOnlyForDeploymentPostprocessing = 0;
			shellPath = /bin/sh;
			shellScript = "\"${PODS_ROOT}/Target Support Files/Pods-ScreenShieldDemo/Pods-ScreenShieldDemo-frameworks.sh\"\n";
			showEnvVarsInLog = 0;
		};
		D33E284785F61563CAB58081 /* [CP] Check Pods Manifest.lock */ = {
			isa = PBXShellScriptBuildPhase;
			buildActionMask = 2147483647;
			files = (
			);
			inputFileListPaths = (
			);
			inputPaths = (
				"${PODS_PODFILE_DIR_PATH}/Podfile.lock",
				"${PODS_ROOT}/Manifest.lock",
			);
			name = "[CP] Check Pods Manifest.lock";
			outputFileListPaths = (
			);
			outputPaths = (
				"$(DERIVED_FILE_DIR)/Pods-ScreenShieldDemoTests-checkManifestLockResult.txt",
			);
			runOnlyForDeploymentPostprocessing = 0;
			shellPath = /bin/sh;
			shellScript = "diff \"${PODS_PODFILE_DIR_PATH}/Podfile.lock\" \"${PODS_ROOT}/Manifest.lock\" > /dev/null\nif [ $? != 0 ] ; then\n    # print error to STDERR\n    echo \"error: The sandbox is not in sync with the Podfile.lock. Run 'pod install' or update your CocoaPods installation.\" >&2\n    exit 1\nfi\n# This output is used by Xcode 'outputs' to avoid re-running this script phase.\necho \"SUCCESS\" > \"${SCRIPT_OUTPUT_FILE_0}\"\n";
			showEnvVarsInLog = 0;
		};
		DFD9308B3EAED0EAE3C75D9C /* [CP] Check Pods Manifest.lock */ = {
			isa = PBXShellScriptBuildPhase;
			buildActionMask = 2147483647;
			files = (
			);
			inputFileListPaths = (
			);
			inputPaths = (
				"${PODS_PODFILE_DIR_PATH}/Podfile.lock",
				"${PODS_ROOT}/Manifest.lock",
			);
			name = "[CP] Check Pods Manifest.lock";
			outputFileListPaths = (
			);
			outputPaths = (
				"$(DERIVED_FILE_DIR)/Pods-ScreenShieldDemo-checkManifestLockResult.txt",
			);
			runOnlyForDeploymentPostprocessing = 0;
			shellPath = /bin/sh;
			shellScript = "diff \"${PODS_PODFILE_DIR_PATH}/Podfile.lock\" \"${PODS_ROOT}/Manifest.lock\" > /dev/null\nif [ $? != 0 ] ; then\n    # print error to STDERR\n    echo \"error: The sandbox is not in sync with the Podfile.lock. Run 'pod install' or update your CocoaPods installation.\" >&2\n    exit 1\nfi\n# This output is used by Xcode 'outputs' to avoid re-running this script phase.\necho \"SUCCESS\" > \"${SCRIPT_OUTPUT_FILE_0}\"\n";
			showEnvVarsInLog = 0;
		};
/* End PBXShellScriptBuildPhase section */

/* Begin PBXSourcesBuildPhase section */
		154148FD2E17D96100FDD89A /* Sources */ = {
			isa = PBXSourcesBuildPhase;
			buildActionMask = 2147483647;
			files = (
			);
			runOnlyForDeploymentPostprocessing = 0;
		};
		154149132E17D96400FDD89A /* Sources */ = {
			isa = PBXSourcesBuildPhase;
			buildActionMask = 2147483647;
			files = (
			);
			runOnlyForDeploymentPostprocessing = 0;
		};
		1541491D2E17D96400FDD89A /* Sources */ = {
			isa = PBXSourcesBuildPhase;
			buildActionMask = 2147483647;
			files = (
			);
			runOnlyForDeploymentPostprocessing = 0;
		};
/* End PBXSourcesBuildPhase section */

/* Begin PBXTargetDependency section */
		154149192E17D96400FDD89A /* PBXTargetDependency */ = {
			isa = PBXTargetDependency;
			target = 154149002E17D96100FDD89A /* ScreenShieldDemo */;
			targetProxy = 154149182E17D96400FDD89A /* PBXContainerItemProxy */;
		};
		154149232E17D96400FDD89A /* PBXTargetDependency */ = {
			isa = PBXTargetDependency;
			target = 154149002E17D96100FDD89A /* ScreenShieldDemo */;
			targetProxy = 154149222E17D96400FDD89A /* PBXContainerItemProxy */;
		};
/* End PBXTargetDependency section */

/* Begin XCBuildConfiguration section */
		1541492B2E17D96400FDD89A /* Debug */ = {
			isa = XCBuildConfiguration;
			baseConfigurationReference = 66385B6A669B4B61C20751E0 /* Pods-ScreenShieldDemo.debug.xcconfig */;
			buildSettings = {
				ASSETCATALOG_COMPILER_APPICON_NAME = AppIcon;
				ASSETCATALOG_COMPILER_GLOBAL_ACCENT_COLOR_NAME = AccentColor;
				CODE_SIGN_STYLE = Automatic;
				CURRENT_PROJECT_VERSION = 1;
				DEVELOPMENT_TEAM = 4V63DMZ57Y;
				GENERATE_INFOPLIST_FILE = YES;
				INFOPLIST_FILE = ScreenShieldDemo/Info.plist;
				INFOPLIST_KEY_UIApplicationSupportsIndirectInputEvents = YES;
				INFOPLIST_KEY_UILaunchStoryboardName = LaunchScreen;
				INFOPLIST_KEY_UIMainStoryboardFile = Main;
				INFOPLIST_KEY_UISupportedInterfaceOrientations_iPad = "UIInterfaceOrientationPortrait UIInterfaceOrientationPortraitUpsideDown UIInterfaceOrientationLandscapeLeft UIInterfaceOrientationLandscapeRight";
				INFOPLIST_KEY_UISupportedInterfaceOrientations_iPhone = "UIInterfaceOrientationPortrait UIInterfaceOrientationLandscapeLeft UIInterfaceOrientationLandscapeRight";
				IPHONEOS_DEPLOYMENT_TARGET = 17.6;
				LD_RUNPATH_SEARCH_PATHS = (
					"$(inherited)",
					"@executable_path/Frameworks",
				);
				MARKETING_VERSION = 1.0;
				PRODUCT_BUNDLE_IDENTIFIER = demo.xjh.com.aaa.ScreenShieldDemo;
				PRODUCT_NAME = "$(TARGET_NAME)";
				SWIFT_EMIT_LOC_STRINGS = YES;
				SWIFT_VERSION = 5.0;
				TARGETED_DEVICE_FAMILY = "1,2";
			};
			name = Debug;
		};
		1541492C2E17D96400FDD89A /* Release */ = {
			isa = XCBuildConfiguration;
			baseConfigurationReference = C01E192DA1BD8EEDEA5D383B /* Pods-ScreenShieldDemo.release.xcconfig */;
			buildSettings = {
				ASSETCATALOG_COMPILER_APPICON_NAME = AppIcon;
				ASSETCATALOG_COMPILER_GLOBAL_ACCENT_COLOR_NAME = AccentColor;
				CODE_SIGN_STYLE = Automatic;
				CURRENT_PROJECT_VERSION = 1;
				DEVELOPMENT_TEAM = 4V63DMZ57Y;
				GENERATE_INFOPLIST_FILE = YES;
				INFOPLIST_FILE = ScreenShieldDemo/Info.plist;
				INFOPLIST_KEY_UIApplicationSupportsIndirectInputEvents = YES;
				INFOPLIST_KEY_UILaunchStoryboardName = LaunchScreen;
				INFOPLIST_KEY_UIMainStoryboardFile = Main;
				INFOPLIST_KEY_UISupportedInterfaceOrientations_iPad = "UIInterfaceOrientationPortrait UIInterfaceOrientationPortraitUpsideDown UIInterfaceOrientationLandscapeLeft UIInterfaceOrientationLandscapeRight";
				INFOPLIST_KEY_UISupportedInterfaceOrientations_iPhone = "UIInterfaceOrientationPortrait UIInterfaceOrientationLandscapeLeft UIInterfaceOrientationLandscapeRight";
				IPHONEOS_DEPLOYMENT_TARGET = 17.6;
				LD_RUNPATH_SEARCH_PATHS = (
					"$(inherited)",
					"@executable_path/Frameworks",
				);
				MARKETING_VERSION = 1.0;
				PRODUCT_BUNDLE_IDENTIFIER = demo.xjh.com.aaa.ScreenShieldDemo;
				PRODUCT_NAME = "$(TARGET_NAME)";
				SWIFT_EMIT_LOC_STRINGS = YES;
				SWIFT_VERSION = 5.0;
				TARGETED_DEVICE_FAMILY = "1,2";
			};
			name = Release;
		};
		1541492D2E17D96400FDD89A /* Debug */ = {
			isa = XCBuildConfiguration;
			buildSettings = {
				ALWAYS_SEARCH_USER_PATHS = NO;
				ASSETCATALOG_COMPILER_GENERATE_SWIFT_ASSET_SYMBOL_EXTENSIONS = YES;
				CLANG_ANALYZER_NONNULL = YES;
				CLANG_ANALYZER_NUMBER_OBJECT_CONVERSION = YES_AGGRESSIVE;
				CLANG_CXX_LANGUAGE_STANDARD = "gnu++20";
				CLANG_ENABLE_MODULES = YES;
				CLANG_ENABLE_OBJC_ARC = YES;
				CLANG_ENABLE_OBJC_WEAK = YES;
				CLANG_WARN_BLOCK_CAPTURE_AUTORELEASING = YES;
				CLANG_WARN_BOOL_CONVERSION = YES;
				CLANG_WARN_COMMA = YES;
				CLANG_WARN_CONSTANT_CONVERSION = YES;
				CLANG_WARN_DEPRECATED_OBJC_IMPLEMENTATIONS = YES;
				CLANG_WARN_DIRECT_OBJC_ISA_USAGE = YES_ERROR;
				CLANG_WARN_DOCUMENTATION_COMMENTS = YES;
				CLANG_WARN_EMPTY_BODY = YES;
				CLANG_WARN_ENUM_CONVERSION = YES;
				CLANG_WARN_INFINITE_RECURSION = YES;
				CLANG_WARN_INT_CONVERSION = YES;
				CLANG_WARN_NON_LITERAL_NULL_CONVERSION = YES;
				CLANG_WARN_OBJC_IMPLICIT_RETAIN_SELF = YES;
				CLANG_WARN_OBJC_LITERAL_CONVERSION = YES;
				CLANG_WARN_OBJC_ROOT_CLASS = YES_ERROR;
				CLANG_WARN_QUOTED_INCLUDE_IN_FRAMEWORK_HEADER = YES;
				CLANG_WARN_RANGE_LOOP_ANALYSIS = YES;
				CLANG_WARN_STRICT_PROTOTYPES = YES;
				CLANG_WARN_SUSPICIOUS_MOVE = YES;
				CLANG_WARN_UNGUARDED_AVAILABILITY = YES_AGGRESSIVE;
				CLANG_WARN_UNREACHABLE_CODE = YES;
				CLANG_WARN__DUPLICATE_METHOD_MATCH = YES;
				COPY_PHASE_STRIP = NO;
				DEBUG_INFORMATION_FORMAT = dwarf;
				ENABLE_STRICT_OBJC_MSGSEND = YES;
				ENABLE_TESTABILITY = YES;
				ENABLE_USER_SCRIPT_SANDBOXING = NO;
				GCC_C_LANGUAGE_STANDARD = gnu17;
				GCC_DYNAMIC_NO_PIC = NO;
				GCC_NO_COMMON_BLOCKS = YES;
				GCC_OPTIMIZATION_LEVEL = 0;
				GCC_PREPROCESSOR_DEFINITIONS = (
					"DEBUG=1",
					"$(inherited)",
				);
				GCC_WARN_64_TO_32_BIT_CONVERSION = YES;
				GCC_WARN_ABOUT_RETURN_TYPE = YES_ERROR;
				GCC_WARN_UNDECLARED_SELECTOR = YES;
				GCC_WARN_UNINITIALIZED_AUTOS = YES_AGGRESSIVE;
				GCC_WARN_UNUSED_FUNCTION = YES;
				GCC_WARN_UNUSED_VARIABLE = YES;
				IPHONEOS_DEPLOYMENT_TARGET = 18.2;
				LOCALIZATION_PREFERS_STRING_CATALOGS = YES;
				MTL_ENABLE_DEBUG_INFO = INCLUDE_SOURCE;
				MTL_FAST_MATH = YES;
				ONLY_ACTIVE_ARCH = YES;
				SDKROOT = iphoneos;
				SWIFT_ACTIVE_COMPILATION_CONDITIONS = "DEBUG $(inherited)";
				SWIFT_OPTIMIZATION_LEVEL = "-Onone";
			};
			name = Debug;
		};
		1541492E2E17D96400FDD89A /* Release */ = {
			isa = XCBuildConfiguration;
			buildSettings = {
				ALWAYS_SEARCH_USER_PATHS = NO;
				ASSETCATALOG_COMPILER_GENERATE_SWIFT_ASSET_SYMBOL_EXTENSIONS = YES;
				CLANG_ANALYZER_NONNULL = YES;
				CLANG_ANALYZER_NUMBER_OBJECT_CONVERSION = YES_AGGRESSIVE;
				CLANG_CXX_LANGUAGE_STANDARD = "gnu++20";
				CLANG_ENABLE_MODULES = YES;
				CLANG_ENABLE_OBJC_ARC = YES;
				CLANG_ENABLE_OBJC_WEAK = YES;
				CLANG_WARN_BLOCK_CAPTURE_AUTORELEASING = YES;
				CLANG_WARN_BOOL_CONVERSION = YES;
				CLANG_WARN_COMMA = YES;
				CLANG_WARN_CONSTANT_CONVERSION = YES;
				CLANG_WARN_DEPRECATED_OBJC_IMPLEMENTATIONS = YES;
				CLANG_WARN_DIRECT_OBJC_ISA_USAGE = YES_ERROR;
				CLANG_WARN_DOCUMENTATION_COMMENTS = YES;
				CLANG_WARN_EMPTY_BODY = YES;
				CLANG_WARN_ENUM_CONVERSION = YES;
				CLANG_WARN_INFINITE_RECURSION = YES;
				CLANG_WARN_INT_CONVERSION = YES;
				CLANG_WARN_NON_LITERAL_NULL_CONVERSION = YES;
				CLANG_WARN_OBJC_IMPLICIT_RETAIN_SELF = YES;
				CLANG_WARN_OBJC_LITERAL_CONVERSION = YES;
				CLANG_WARN_OBJC_ROOT_CLASS = YES_ERROR;
				CLANG_WARN_QUOTED_INCLUDE_IN_FRAMEWORK_HEADER = YES;
				CLANG_WARN_RANGE_LOOP_ANALYSIS = YES;
				CLANG_WARN_STRICT_PROTOTYPES = YES;
				CLANG_WARN_SUSPICIOUS_MOVE = YES;
				CLANG_WARN_UNGUARDED_AVAILABILITY = YES_AGGRESSIVE;
				CLANG_WARN_UNREACHABLE_CODE = YES;
				CLANG_WARN__DUPLICATE_METHOD_MATCH = YES;
				COPY_PHASE_STRIP = NO;
				DEBUG_INFORMATION_FORMAT = "dwarf-with-dsym";
				ENABLE_NS_ASSERTIONS = NO;
				ENABLE_STRICT_OBJC_MSGSEND = YES;
				ENABLE_USER_SCRIPT_SANDBOXING = NO;
				GCC_C_LANGUAGE_STANDARD = gnu17;
				GCC_NO_COMMON_BLOCKS = YES;
				GCC_WARN_64_TO_32_BIT_CONVERSION = YES;
				GCC_WARN_ABOUT_RETURN_TYPE = YES_ERROR;
				GCC_WARN_UNDECLARED_SELECTOR = YES;
				GCC_WARN_UNINITIALIZED_AUTOS = YES_AGGRESSIVE;
				GCC_WARN_UNUSED_FUNCTION = YES;
				GCC_WARN_UNUSED_VARIABLE = YES;
				IPHONEOS_DEPLOYMENT_TARGET = 18.2;
				LOCALIZATION_PREFERS_STRING_CATALOGS = YES;
				MTL_ENABLE_DEBUG_INFO = NO;
				MTL_FAST_MATH = YES;
				SDKROOT = iphoneos;
				SWIFT_COMPILATION_MODE = wholemodule;
				VALIDATE_PRODUCT = YES;
			};
			name = Release;
		};
		154149302E17D96400FDD89A /* Debug */ = {
			isa = XCBuildConfiguration;
			baseConfigurationReference = 8EE144CFE60FDC0E0ABBC27A /* Pods-ScreenShieldDemoTests.debug.xcconfig */;
			buildSettings = {
				BUNDLE_LOADER = "$(TEST_HOST)";
				CODE_SIGN_STYLE = Automatic;
				CURRENT_PROJECT_VERSION = 1;
				DEVELOPMENT_TEAM = 4V63DMZ57Y;
				GENERATE_INFOPLIST_FILE = YES;
				IPHONEOS_DEPLOYMENT_TARGET = 18.2;
				MARKETING_VERSION = 1.0;
				PRODUCT_BUNDLE_IDENTIFIER = demo.xjh.com.aaa.ScreenShieldDemoTests;
				PRODUCT_NAME = "$(TARGET_NAME)";
				SWIFT_EMIT_LOC_STRINGS = NO;
				SWIFT_VERSION = 5.0;
				TARGETED_DEVICE_FAMILY = "1,2";
				TEST_HOST = "$(BUILT_PRODUCTS_DIR)/ScreenShieldDemo.app/$(BUNDLE_EXECUTABLE_FOLDER_PATH)/ScreenShieldDemo";
			};
			name = Debug;
		};
		154149312E17D96400FDD89A /* Release */ = {
			isa = XCBuildConfiguration;
			baseConfigurationReference = D052261FD20F30CC3B7D76AD /* Pods-ScreenShieldDemoTests.release.xcconfig */;
			buildSettings = {
				BUNDLE_LOADER = "$(TEST_HOST)";
				CODE_SIGN_STYLE = Automatic;
				CURRENT_PROJECT_VERSION = 1;
				DEVELOPMENT_TEAM = 4V63DMZ57Y;
				GENERATE_INFOPLIST_FILE = YES;
				IPHONEOS_DEPLOYMENT_TARGET = 18.2;
				MARKETING_VERSION = 1.0;
				PRODUCT_BUNDLE_IDENTIFIER = demo.xjh.com.aaa.ScreenShieldDemoTests;
				PRODUCT_NAME = "$(TARGET_NAME)";
				SWIFT_EMIT_LOC_STRINGS = NO;
				SWIFT_VERSION = 5.0;
				TARGETED_DEVICE_FAMILY = "1,2";
				TEST_HOST = "$(BUILT_PRODUCTS_DIR)/ScreenShieldDemo.app/$(BUNDLE_EXECUTABLE_FOLDER_PATH)/ScreenShieldDemo";
			};
			name = Release;
		};
		154149332E17D96400FDD89A /* Debug */ = {
			isa = XCBuildConfiguration;
			baseConfigurationReference = F222CE91AF30EDB653000A7F /* Pods-ScreenShieldDemo-ScreenShieldDemoUITests.debug.xcconfig */;
			buildSettings = {
				CODE_SIGN_STYLE = Automatic;
				CURRENT_PROJECT_VERSION = 1;
				DEVELOPMENT_TEAM = 4V63DMZ57Y;
				GENERATE_INFOPLIST_FILE = YES;
				MARKETING_VERSION = 1.0;
				PRODUCT_BUNDLE_IDENTIFIER = demo.xjh.com.aaa.ScreenShieldDemoUITests;
				PRODUCT_NAME = "$(TARGET_NAME)";
				SWIFT_EMIT_LOC_STRINGS = NO;
				SWIFT_VERSION = 5.0;
				TARGETED_DEVICE_FAMILY = "1,2";
				TEST_TARGET_NAME = ScreenShieldDemo;
			};
			name = Debug;
		};
		154149342E17D96400FDD89A /* Release */ = {
			isa = XCBuildConfiguration;
			baseConfigurationReference = 23537E3475C91B458C4A53A6 /* Pods-ScreenShieldDemo-ScreenShieldDemoUITests.release.xcconfig */;
			buildSettings = {
				CODE_SIGN_STYLE = Automatic;
				CURRENT_PROJECT_VERSION = 1;
				DEVELOPMENT_TEAM = 4V63DMZ57Y;
				GENERATE_INFOPLIST_FILE = YES;
				MARKETING_VERSION = 1.0;
				PRODUCT_BUNDLE_IDENTIFIER = demo.xjh.com.aaa.ScreenShieldDemoUITests;
				PRODUCT_NAME = "$(TARGET_NAME)";
				SWIFT_EMIT_LOC_STRINGS = NO;
				SWIFT_VERSION = 5.0;
				TARGETED_DEVICE_FAMILY = "1,2";
				TEST_TARGET_NAME = ScreenShieldDemo;
			};
			name = Release;
		};
/* End XCBuildConfiguration section */

/* Begin XCConfigurationList section */
		154148FC2E17D96100FDD89A /* Build configuration list for PBXProject "ScreenShieldDemo" */ = {
			isa = XCConfigurationList;
			buildConfigurations = (
				1541492D2E17D96400FDD89A /* Debug */,
				1541492E2E17D96400FDD89A /* Release */,
			);
			defaultConfigurationIsVisible = 0;
			defaultConfigurationName = Release;
		};
		1541492A2E17D96400FDD89A /* Build configuration list for PBXNativeTarget "ScreenShieldDemo" */ = {
			isa = XCConfigurationList;
			buildConfigurations = (
				1541492B2E17D96400FDD89A /* Debug */,
				1541492C2E17D96400FDD89A /* Release */,
			);
			defaultConfigurationIsVisible = 0;
			defaultConfigurationName = Release;
		};
		1541492F2E17D96400FDD89A /* Build configuration list for PBXNativeTarget "ScreenShieldDemoTests" */ = {
			isa = XCConfigurationList;
			buildConfigurations = (
				154149302E17D96400FDD89A /* Debug */,
				154149312E17D96400FDD89A /* Release */,
			);
			defaultConfigurationIsVisible = 0;
			defaultConfigurationName = Release;
		};
		154149322E17D96400FDD89A /* Build configuration list for PBXNativeTarget "ScreenShieldDemoUITests" */ = {
			isa = XCConfigurationList;
			buildConfigurations = (
				154149332E17D96400FDD89A /* Debug */,
				154149342E17D96400FDD89A /* Release */,
			);
			defaultConfigurationIsVisible = 0;
			defaultConfigurationName = Release;
		};
/* End XCConfigurationList section */
	};
	rootObject = 154148F92E17D96100FDD89A /* Project object */;
}
